// !$*UTF8*$!
{
	archiveVersion = 1;
	classes = {
	};
	objectVersion = 46;
	objects = {

/* Begin PBXBuildFile section */
		896E69581CD533350049FEF4 /* main.swift in Sources */ = {isa = PBXBuildFile; fileRef = 896E69571CD533350049FEF4 /* main.swift */; };
/* End PBXBuildFile section */

/* Begin PBXCopyFilesBuildPhase section */
		896E69521CD533350049FEF4 /* CopyFiles */ = {
			isa = PBXCopyFilesBuildPhase;
			buildActionMask = 2147483647;
			dstPath = /usr/share/man/man1/;
			dstSubfolderSpec = 0;
			files = (
			);
			runOnlyForDeploymentPostprocessing = 1;
		};
/* End PBXCopyFilesBuildPhase section */

/* Begin PBXFileReference section */
		89000EAB1EC6AED1000809DC /* 52. N-Queens II.playground */ = {isa = PBXFileReference; lastKnownFileType = file.playground; path = "52. N-Queens II.playground"; sourceTree = "<group>"; };
		89014B7E1EFA138400D7427D /* 93. Restore IP Addresses.playground */ = {isa = PBXFileReference; lastKnownFileType = file.playground; path = "93. Restore IP Addresses.playground"; sourceTree = "<group>"; };
		8901EEC31EFF569300D91177 /* 98. Validate Binary Search Tree.playground */ = {isa = PBXFileReference; lastKnownFileType = file.playground; path = "98. Validate Binary Search Tree.playground"; sourceTree = "<group>"; };
		890203C81EECC38D0045FE8A /* 82. Remove Duplicates from Sorted List II.playground */ = {isa = PBXFileReference; lastKnownFileType = file.playground; path = "82. Remove Duplicates from Sorted List II.playground"; sourceTree = "<group>"; };
		890203C91EECCBFC0045FE8A /* 83. Remove Duplicates from Sorted List.playground */ = {isa = PBXFileReference; lastKnownFileType = file.playground; path = "83. Remove Duplicates from Sorted List.playground"; sourceTree = "<group>"; };
		890268611EC007C200C239E6 /* 46. Permutations.playground */ = {isa = PBXFileReference; lastKnownFileType = file.playground; path = "46. Permutations.playground"; sourceTree = "<group>"; };
		890268621EC00B7000C239E6 /* 47. Permutations II.playground */ = {isa = PBXFileReference; lastKnownFileType = file.playground; path = "47. Permutations II.playground"; sourceTree = "<group>"; };
		8904A5231F04C21300F5D941 /* 101. Symmetric Tree.playground */ = {isa = PBXFileReference; lastKnownFileType = file.playground; path = "101. Symmetric Tree.playground"; sourceTree = "<group>"; };
		890763421EDFAF70000DFFC2 /* 72. Edit Distance.playground */ = {isa = PBXFileReference; lastKnownFileType = file.playground; path = "72. Edit Distance.playground"; sourceTree = "<group>"; };
		890763431EDFB719000DFFC2 /* 71. Simplify Path.playground */ = {isa = PBXFileReference; lastKnownFileType = file.playground; path = "71. Simplify Path.playground"; sourceTree = "<group>"; };
		890C6E681ECE817C00F98E58 /* 58. Length of Last Word.playground */ = {isa = PBXFileReference; lastKnownFileType = file.playground; path = "58. Length of Last Word.playground"; sourceTree = "<group>"; };
		89123C1E1ED1357100609BCC /* 60. Permutation Sequence.playground */ = {isa = PBXFileReference; lastKnownFileType = file.playground; path = "60. Permutation Sequence.playground"; sourceTree = "<group>"; };
		891254411EAEF24D006B6D22 /* 26. Remove Duplicates from Sorted Array.playground */ = {isa = PBXFileReference; lastKnownFileType = file.playground; path = "26. Remove Duplicates from Sorted Array.playground"; sourceTree = "<group>"; };
		891254421EAF0461006B6D22 /* 27. Remove Element.playground */ = {isa = PBXFileReference; lastKnownFileType = file.playground; path = "27. Remove Element.playground"; sourceTree = "<group>"; };
		8912A3201EC3EEF20024A61F /* 49. Group Anagrams.playground */ = {isa = PBXFileReference; lastKnownFileType = file.playground; path = "49. Group Anagrams.playground"; sourceTree = "<group>"; };
		8915A86E1ED26C5E00B06069 /* 61. Rotate List.playground */ = {isa = PBXFileReference; lastKnownFileType = file.playground; path = "61. Rotate List.playground"; sourceTree = "<group>"; };
		891634731F012B1B00AA04F0 /* 99. Recover Binary Search Tree.playground */ = {isa = PBXFileReference; lastKnownFileType = file.playground; path = "99. Recover Binary Search Tree.playground"; sourceTree = "<group>"; };
		8916AA141ECD31CE00BB5B63 /* 57. Insert Interval.playground */ = {isa = PBXFileReference; lastKnownFileType = file.playground; path = "57. Insert Interval.playground"; sourceTree = "<group>"; };
		891C07CA1F0897C800653B9F /* 103. Binary Tree Zigzag Level Order Traversal.playground */ = {isa = PBXFileReference; lastKnownFileType = file.playground; path = "103. Binary Tree Zigzag Level Order Traversal.playground"; sourceTree = "<group>"; };
		891F5A121EEA2AB00006CE6D /* 80. Remove Duplicates from Sorted Array II.playground */ = {isa = PBXFileReference; lastKnownFileType = file.playground; path = "80. Remove Duplicates from Sorted Array II.playground"; sourceTree = "<group>"; };
		89213DB11EFB6CAC005D1509 /* 94. Binary Tree Inorder Traversal.playground */ = {isa = PBXFileReference; lastKnownFileType = file.playground; path = "94. Binary Tree Inorder Traversal.playground"; sourceTree = "<group>"; };
		89213DB21EFCC4A1005D1509 /* 95. Unique Binary Search Trees II.playground */ = {isa = PBXFileReference; lastKnownFileType = file.playground; path = "95. Unique Binary Search Trees II.playground"; sourceTree = "<group>"; };
		89213DB31EFCD0FF005D1509 /* 96. Unique Binary Search Trees.playground */ = {isa = PBXFileReference; lastKnownFileType = file.playground; path = "96. Unique Binary Search Trees.playground"; sourceTree = "<group>"; };
		89226F731EC69BBE0011E2C2 /* 51. N-Queens.playground */ = {isa = PBXFileReference; lastKnownFileType = file.playground; path = "51. N-Queens.playground"; sourceTree = "<group>"; };
		8928A6861EB596C400587BB1 /* 35. Search Insert Position.playground */ = {isa = PBXFileReference; lastKnownFileType = file.playground; path = "35. Search Insert Position.playground"; sourceTree = "<group>"; };
		8928A6871EB5C66F00587BB1 /* 36. Valid Sudoku.playground */ = {isa = PBXFileReference; lastKnownFileType = file.playground; path = "36. Valid Sudoku.playground"; sourceTree = "<group>"; };
		8928A6881EB6CF8500587BB1 /* 37. Sudoku Solver.playground */ = {isa = PBXFileReference; lastKnownFileType = file.playground; path = "37. Sudoku Solver.playground"; sourceTree = "<group>"; };
		892A7C901EAB0AF70034C4C2 /* 20. Valid Parentheses.playground */ = {isa = PBXFileReference; lastKnownFileType = file.playground; path = "20. Valid Parentheses.playground"; sourceTree = "<group>"; };
		892A7C911EAB11290034C4C2 /* 21. Merge Two Sorted Lists.playground */ = {isa = PBXFileReference; lastKnownFileType = file.playground; path = "21. Merge Two Sorted Lists.playground"; sourceTree = "<group>"; };
		892AB4231EA9ACF500DE9FB4 /* 19. Remove Nth Node From End of List.playground */ = {isa = PBXFileReference; lastKnownFileType = file.playground; path = "19. Remove Nth Node From End of List.playground"; sourceTree = "<group>"; };
		892B25961EB48C8100D38D6B /* 34. Search for a Range.playground */ = {isa = PBXFileReference; lastKnownFileType = file.playground; path = "34. Search for a Range.playground"; sourceTree = "<group>"; };
		8930DF331CDB119700CE9070 /* 4. Median of Two Sorted Arrays .playground */ = {isa = PBXFileReference; lastKnownFileType = file.playground; path = "4. Median of Two Sorted Arrays .playground"; sourceTree = "<group>"; };
		8939A8811ECFDAEF002961F2 /* 59. Spiral Matrix II.playground */ = {isa = PBXFileReference; lastKnownFileType = file.playground; path = "59. Spiral Matrix II.playground"; sourceTree = "<group>"; };
		8939E8B91EF0319700719DDA /* 85. Maximal Rectangle.playground */ = {isa = PBXFileReference; lastKnownFileType = file.playground; path = "85. Maximal Rectangle.playground"; sourceTree = "<group>"; };
		893A49A01EC7E6C100BEE1A9 /* 53. Maximum Subarray.playground */ = {isa = PBXFileReference; lastKnownFileType = file.playground; path = "53. Maximum Subarray.playground"; sourceTree = "<group>"; };
		893F08351EDCF2A700A9A7CB /* 69. Sqrt(x).playground */ = {isa = PBXFileReference; lastKnownFileType = file.playground; path = "69. Sqrt(x).playground"; sourceTree = "<group>"; };
		8940643E1EB01C4C00EFECB4 /* 28. Implement strStr().playground */ = {isa = PBXFileReference; lastKnownFileType = file.playground; path = "28. Implement strStr().playground"; sourceTree = "<group>"; };
		8940643F1EB027BB00EFECB4 /* 29. Divide Two Integers.playground */ = {isa = PBXFileReference; lastKnownFileType = file.playground; path = "29. Divide Two Integers.playground"; sourceTree = "<group>"; };
		8941FA171ECBE68F008DFC71 /* 56. Merge Intervals.playground */ = {isa = PBXFileReference; lastKnownFileType = file.playground; path = "56. Merge Intervals.playground"; sourceTree = "<group>"; };
		894639DF1CDCAB990027531C /* 5. Longest Palindromic Substring.playground */ = {isa = PBXFileReference; lastKnownFileType = file.playground; path = "5. Longest Palindromic Substring.playground"; sourceTree = "<group>"; };
		894E31091EE23D150063059B /* 74. Search a 2D Matrix.playground */ = {isa = PBXFileReference; lastKnownFileType = file.playground; path = "74. Search a 2D Matrix.playground"; sourceTree = "<group>"; };
		89512BDE1EBD54FF00467616 /* 44. Wildcard Matching.playground */ = {isa = PBXFileReference; lastKnownFileType = file.playground; path = "44. Wildcard Matching.playground"; sourceTree = "<group>"; };
		8952270C1EB1831A00D21AAC /* 30. Substring with Concatenation of All Words.playground */ = {isa = PBXFileReference; lastKnownFileType = file.playground; path = "30. Substring with Concatenation of All Words.playground"; sourceTree = "<group>"; };
		8953A2A81EDC0A81008F6F8D /* 68. Text Justification.playground */ = {isa = PBXFileReference; lastKnownFileType = file.playground; path = "68. Text Justification.playground"; sourceTree = "<group>"; };
		8957362E1ED8679B008EABC9 /* 65. Valid Number.playground */ = {isa = PBXFileReference; lastKnownFileType = file.playground; path = "65. Valid Number.playground"; sourceTree = "<group>"; };
		8958BF521EF608E000A58B26 /* 90. Subsets II.playground */ = {isa = PBXFileReference; lastKnownFileType = file.playground; path = "90. Subsets II.playground"; sourceTree = "<group>"; };
		895F815E1EAB1804000CF8D8 /* 22. Generate Parentheses.playground */ = {isa = PBXFileReference; lastKnownFileType = file.playground; path = "22. Generate Parentheses.playground"; sourceTree = "<group>"; };
		896020BF1F07343B005F3B60 /* 102. Binary Tree Level Order Traversal.playground */ = {isa = PBXFileReference; lastKnownFileType = file.playground; path = "102. Binary Tree Level Order Traversal.playground"; sourceTree = "<group>"; };
		89652C5C1EC54C5C00CBD36F /* 50. Pow(x, n).playground */ = {isa = PBXFileReference; lastKnownFileType = file.playground; path = "50. Pow(x, n).playground"; sourceTree = "<group>"; };
		8969D35F1D00062C00569E85 /* 9. Palindrome Number.playground */ = {isa = PBXFileReference; lastKnownFileType = file.playground; path = "9. Palindrome Number.playground"; sourceTree = "<group>"; };
		896D33811EBD5E3F00BF4D7A /* 45. Jump Game II.playground */ = {isa = PBXFileReference; lastKnownFileType = file.playground; path = "45. Jump Game II.playground"; sourceTree = "<group>"; };
		896E69541CD533350049FEF4 /* LeetCode */ = {isa = PBXFileReference; explicitFileType = "compiled.mach-o.executable"; includeInIndex = 0; path = LeetCode; sourceTree = BUILT_PRODUCTS_DIR; };
		896E69571CD533350049FEF4 /* main.swift */ = {isa = PBXFileReference; lastKnownFileType = sourcecode.swift; path = main.swift; sourceTree = "<group>"; };
		896E695E1CD533660049FEF4 /* 1. Two Sum.playground */ = {isa = PBXFileReference; lastKnownFileType = file.playground; path = "1. Two Sum.playground"; sourceTree = "<group>"; };
		896E695F1CD537710049FEF4 /* 2. Add Two Numbers.playground */ = {isa = PBXFileReference; lastKnownFileType = file.playground; path = "2. Add Two Numbers.playground"; sourceTree = "<group>"; };
		8970C96B1EC93FD4002A88EE /* 54. Spiral Matrix.playground */ = {isa = PBXFileReference; lastKnownFileType = file.playground; path = "54. Spiral Matrix.playground"; sourceTree = "<group>"; };
		897260041CE0C824003E37BC /* 7. Reverse Integer .playground */ = {isa = PBXFileReference; lastKnownFileType = file.playground; path = "7. Reverse Integer .playground"; sourceTree = "<group>"; };
		897301201EE4EFF70054D35C /* 76. Minimum Window Substring.playground */ = {isa = PBXFileReference; lastKnownFileType = file.playground; path = "76. Minimum Window Substring.playground"; sourceTree = "<group>"; };
		897442541EA0CB1A00D31E19 /* 10. Regular Expression Matching.playground */ = {isa = PBXFileReference; lastKnownFileType = file.playground; path = "10. Regular Expression Matching.playground"; sourceTree = "<group>"; };
		89760B541EF4D29600875C24 /* 89. Gray Code.playground */ = {isa = PBXFileReference; lastKnownFileType = file.playground; path = "89. Gray Code.playground"; sourceTree = "<group>"; };
		89775DEC1EBC10B1003528D2 /* 43. Multiply Strings.playground */ = {isa = PBXFileReference; lastKnownFileType = file.playground; path = "43. Multiply Strings.playground"; sourceTree = "<group>"; };
		897911A21EE77D6100B541C8 /* 77. Combinations.playground */ = {isa = PBXFileReference; lastKnownFileType = file.playground; path = "77. Combinations.playground"; sourceTree = "<group>"; };
		897D1E1D1EEEE25900EA318C /* 84. Largest Rectangle in Histogram.playground */ = {isa = PBXFileReference; lastKnownFileType = file.playground; path = "84. Largest Rectangle in Histogram.playground"; sourceTree = "<group>"; };
		898395491EA8DC78002ECAC7 /* 17. Letter Combinations of a Phone Number.playground */ = {isa = PBXFileReference; lastKnownFileType = file.playground; path = "17. Letter Combinations of a Phone Number.playground"; sourceTree = "<group>"; };
		8983954B1EA8E43B002ECAC7 /* 18. 4Sum.playground */ = {isa = PBXFileReference; lastKnownFileType = file.playground; path = "18. 4Sum.playground"; sourceTree = "<group>"; };
		8984A1531F0A745D005EC207 /* 104. Maximum Depth of Binary Tree.playground */ = {isa = PBXFileReference; lastKnownFileType = file.playground; path = "104. Maximum Depth of Binary Tree.playground"; sourceTree = "<group>"; };
		898541A51EA39E1B007D3AA0 /* 14. Longest Common Prefix.playground */ = {isa = PBXFileReference; lastKnownFileType = file.playground; path = "14. Longest Common Prefix.playground"; sourceTree = "<group>"; };
		898A5CAB1F02997C001A91EF /* 100. Same Tree.playground */ = {isa = PBXFileReference; lastKnownFileType = file.playground; path = "100. Same Tree.playground"; sourceTree = "<group>"; };
		8991644D1EC2A8C500C4E3CC /* 48. Rotate Image.playground */ = {isa = PBXFileReference; lastKnownFileType = file.playground; path = "48. Rotate Image.playground"; sourceTree = "<group>"; };
		8991644E1EC2A9CD00C4E3CC /* 13. Roman to Integer.playground */ = {isa = PBXFileReference; lastKnownFileType = file.playground; path = "13. Roman to Integer.playground"; sourceTree = "<group>"; };
		8991644F1EC2AA0C00C4E3CC /* 16. 3Sum Closest.playground */ = {isa = PBXFileReference; lastKnownFileType = file.playground; path = "16. 3Sum Closest.playground"; sourceTree = "<group>"; };
		899579121CF6CE340004216B /* 8. String to Integer (atoi).playground */ = {isa = PBXFileReference; lastKnownFileType = file.playground; path = "8. String to Integer (atoi).playground"; sourceTree = "<group>"; };
		8997B8491EF23795008E4185 /* 87. Scramble String.playground */ = {isa = PBXFileReference; lastKnownFileType = file.playground; path = "87. Scramble String.playground"; sourceTree = "<group>"; };
		899E5E8C1ED9271E00BEE04B /* 66. Plus One.playground */ = {isa = PBXFileReference; lastKnownFileType = file.playground; path = "66. Plus One.playground"; sourceTree = "<group>"; };
		899F0A001EDA781B00329315 /* 67. Add Binary.playground */ = {isa = PBXFileReference; lastKnownFileType = file.playground; path = "67. Add Binary.playground"; sourceTree = "<group>"; };
		89A0F63F1EBB005A00F25C05 /* 42. Trapping Rain Water.playground */ = {isa = PBXFileReference; lastKnownFileType = file.playground; path = "42. Trapping Rain Water.playground"; sourceTree = "<group>"; };
		89A89BF91ED3AC3200AC4166 /* 62. Unique Paths.playground */ = {isa = PBXFileReference; lastKnownFileType = file.playground; path = "62. Unique Paths.playground"; sourceTree = "<group>"; };
		89B3145C1EF36A1B00D89C8F /* 88. Merge Sorted Array.playground */ = {isa = PBXFileReference; lastKnownFileType = file.playground; path = "88. Merge Sorted Array.playground"; sourceTree = "<group>"; };
		89B4140F1ED66900008F81AA /* 64. Minimum Path Sum.playground */ = {isa = PBXFileReference; lastKnownFileType = file.playground; path = "64. Minimum Path Sum.playground"; sourceTree = "<group>"; };
		89BA671D1EBAA8A1008C6AE9 /* 41. First Missing Positive.playground */ = {isa = PBXFileReference; lastKnownFileType = file.playground; path = "41. First Missing Positive.playground"; sourceTree = "<group>"; };
		89C4136A1EE396160080378A /* 75. Sort Colors.playground */ = {isa = PBXFileReference; lastKnownFileType = file.playground; path = "75. Sort Colors.playground"; sourceTree = "<group>"; };
		89C4DFD21EB322F900086975 /* 31. Next Permutation.playground */ = {isa = PBXFileReference; lastKnownFileType = file.playground; path = "31. Next Permutation.playground"; sourceTree = "<group>"; };
		89C4DFD31EB3530F00086975 /* 32. Longest Valid Parentheses.playground */ = {isa = PBXFileReference; lastKnownFileType = file.playground; path = "32. Longest Valid Parentheses.playground"; sourceTree = "<group>"; };
		89C522371EF76C8A00090F15 /* 91. Decode Ways.playground */ = {isa = PBXFileReference; lastKnownFileType = file.playground; path = "91. Decode Ways.playground"; sourceTree = "<group>"; };
		89C541FD1EA1FDF1008FCC27 /* 11. Container With Most Water.playground */ = {isa = PBXFileReference; lastKnownFileType = file.playground; path = "11. Container With Most Water.playground"; sourceTree = "<group>"; };
		89C541FE1EA1FDF1008FCC27 /* 12. Integer to Roman.playground */ = {isa = PBXFileReference; lastKnownFileType = file.playground; path = "12. Integer to Roman.playground"; sourceTree = "<group>"; };
		89C68C2A1EAC5588009460B1 /* 23. Merge k Sorted Lists.playground */ = {isa = PBXFileReference; lastKnownFileType = file.playground; path = "23. Merge k Sorted Lists.playground"; sourceTree = "<group>"; };
		89CA28C61ED511B4000E9832 /* 63. Unique Paths II.playground */ = {isa = PBXFileReference; lastKnownFileType = file.playground; path = "63. Unique Paths II.playground"; sourceTree = "<group>"; };
		89DAF48D1EE8EC5D00286982 /* 79. Word Search.playground */ = {isa = PBXFileReference; lastKnownFileType = file.playground; path = "79. Word Search.playground"; sourceTree = "<group>"; };
		89DDBEA41EE1031C003B8DCD /* 73. Set Matrix Zeroes.playground */ = {isa = PBXFileReference; lastKnownFileType = file.playground; path = "73. Set Matrix Zeroes.playground"; sourceTree = "<group>"; };
		89DDC9B61EDE50780079AABB /* 70. Climbing Stairs.playground */ = {isa = PBXFileReference; lastKnownFileType = file.playground; path = "70. Climbing Stairs.playground"; sourceTree = "<group>"; };
		89DF7BE41ECA967A00C7AAAB /* 55. Jump Game.playground */ = {isa = PBXFileReference; lastKnownFileType = file.playground; path = "55. Jump Game.playground"; sourceTree = "<group>"; };
		89E226A01EEB8C8A001ECBF1 /* 81. Search in Rotated Sorted Array II.playground */ = {isa = PBXFileReference; lastKnownFileType = file.playground; path = "81. Search in Rotated Sorted Array II.playground"; sourceTree = "<group>"; };
		89E7F70F1EF0C7C300475A20 /* 86. Partition List.playground */ = {isa = PBXFileReference; lastKnownFileType = file.playground; path = "86. Partition List.playground"; sourceTree = "<group>"; };
		89EB09311EB8158D0093E288 /* 38. Count and Say.playground */ = {isa = PBXFileReference; lastKnownFileType = file.playground; path = "38. Count and Say.playground"; sourceTree = "<group>"; };
		89EB09321EB8471F0093E288 /* 39. Combination Sum.playground */ = {isa = PBXFileReference; lastKnownFileType = file.playground; path = "39. Combination Sum.playground"; sourceTree = "<group>"; };
		89EB09331EB973690093E288 /* 40. Combination Sum II.playground */ = {isa = PBXFileReference; lastKnownFileType = file.playground; path = "40. Combination Sum II.playground"; sourceTree = "<group>"; };
		89EBD5AD1EF8B0CB00ECDE41 /* 92. Reverse Linked List II.playground */ = {isa = PBXFileReference; lastKnownFileType = file.playground; path = "92. Reverse Linked List II.playground"; sourceTree = "<group>"; };
		89F0AC7F1CE09EE500F863D1 /* 6. ZigZag Conversion.playground */ = {isa = PBXFileReference; lastKnownFileType = file.playground; path = "6. ZigZag Conversion.playground"; sourceTree = "<group>"; };
		89F108881EB46014000E804B /* 33. Search in Rotated Sorted Array.playground */ = {isa = PBXFileReference; lastKnownFileType = file.playground; path = "33. Search in Rotated Sorted Array.playground"; sourceTree = "<group>"; };
		89F3E6521EA471FA0017B13B /* 15. 3Sum.playground */ = {isa = PBXFileReference; lastKnownFileType = file.playground; path = "15. 3Sum.playground"; sourceTree = "<group>"; };
		89F431961EE7902B00C7E24E /* 78. Subsets.playground */ = {isa = PBXFileReference; lastKnownFileType = file.playground; path = "78. Subsets.playground"; sourceTree = "<group>"; };
		89F7C01D1CD8FF0100BB5C84 /* 3. Longest Substring.playground */ = {isa = PBXFileReference; lastKnownFileType = file.playground; path = "3. Longest Substring.playground"; sourceTree = "<group>"; };
		89F83CBE1EFE0DF100AD3FBB /* 97. Interleaving String.playground */ = {isa = PBXFileReference; lastKnownFileType = file.playground; path = "97. Interleaving String.playground"; sourceTree = "<group>"; };
		89FEDD471EAD883100FDA9E2 /* 24. Swap Nodes in Pairs.playground */ = {isa = PBXFileReference; lastKnownFileType = file.playground; path = "24. Swap Nodes in Pairs.playground"; sourceTree = "<group>"; };
		89FEDD481EAD952700FDA9E2 /* 25. Reverse Nodes in k-Group.playground */ = {isa = PBXFileReference; lastKnownFileType = file.playground; path = "25. Reverse Nodes in k-Group.playground"; sourceTree = "<group>"; };
/* End PBXFileReference section */

/* Begin PBXFrameworksBuildPhase section */
		896E69511CD533350049FEF4 /* Frameworks */ = {
			isa = PBXFrameworksBuildPhase;
			buildActionMask = 2147483647;
			files = (
			);
			runOnlyForDeploymentPostprocessing = 0;
		};
/* End PBXFrameworksBuildPhase section */

/* Begin PBXGroup section */
		896E694B1CD533350049FEF4 = {
			isa = PBXGroup;
			children = (
				896E69561CD533350049FEF4 /* LeetCode */,
				896E69551CD533350049FEF4 /* Products */,
			);
			sourceTree = "<group>";
		};
		896E69551CD533350049FEF4 /* Products */ = {
			isa = PBXGroup;
			children = (
				896E69541CD533350049FEF4 /* LeetCode */,
			);
			name = Products;
			sourceTree = "<group>";
		};
		896E69561CD533350049FEF4 /* LeetCode */ = {
			isa = PBXGroup;
			children = (
				8984A1531F0A745D005EC207 /* 104. Maximum Depth of Binary Tree.playground */,
				891C07CA1F0897C800653B9F /* 103. Binary Tree Zigzag Level Order Traversal.playground */,
				896020BF1F07343B005F3B60 /* 102. Binary Tree Level Order Traversal.playground */,
				8904A5231F04C21300F5D941 /* 101. Symmetric Tree.playground */,
				898A5CAB1F02997C001A91EF /* 100. Same Tree.playground */,
				891634731F012B1B00AA04F0 /* 99. Recover Binary Search Tree.playground */,
				8901EEC31EFF569300D91177 /* 98. Validate Binary Search Tree.playground */,
				89F83CBE1EFE0DF100AD3FBB /* 97. Interleaving String.playground */,
				89213DB31EFCD0FF005D1509 /* 96. Unique Binary Search Trees.playground */,
				89213DB21EFCC4A1005D1509 /* 95. Unique Binary Search Trees II.playground */,
				89213DB11EFB6CAC005D1509 /* 94. Binary Tree Inorder Traversal.playground */,
				89014B7E1EFA138400D7427D /* 93. Restore IP Addresses.playground */,
				89EBD5AD1EF8B0CB00ECDE41 /* 92. Reverse Linked List II.playground */,
				89C522371EF76C8A00090F15 /* 91. Decode Ways.playground */,
				8958BF521EF608E000A58B26 /* 90. Subsets II.playground */,
				89760B541EF4D29600875C24 /* 89. Gray Code.playground */,
				89B3145C1EF36A1B00D89C8F /* 88. Merge Sorted Array.playground */,
				8997B8491EF23795008E4185 /* 87. Scramble String.playground */,
				89E7F70F1EF0C7C300475A20 /* 86. Partition List.playground */,
				8939E8B91EF0319700719DDA /* 85. Maximal Rectangle.playground */,
				897D1E1D1EEEE25900EA318C /* 84. Largest Rectangle in Histogram.playground */,
				890203C91EECCBFC0045FE8A /* 83. Remove Duplicates from Sorted List.playground */,
				890203C81EECC38D0045FE8A /* 82. Remove Duplicates from Sorted List II.playground */,
				89E226A01EEB8C8A001ECBF1 /* 81. Search in Rotated Sorted Array II.playground */,
				891F5A121EEA2AB00006CE6D /* 80. Remove Duplicates from Sorted Array II.playground */,
				89DAF48D1EE8EC5D00286982 /* 79. Word Search.playground */,
				89F431961EE7902B00C7E24E /* 78. Subsets.playground */,
				897911A21EE77D6100B541C8 /* 77. Combinations.playground */,
				897301201EE4EFF70054D35C /* 76. Minimum Window Substring.playground */,
				89C4136A1EE396160080378A /* 75. Sort Colors.playground */,
				894E31091EE23D150063059B /* 74. Search a 2D Matrix.playground */,
				89DDBEA41EE1031C003B8DCD /* 73. Set Matrix Zeroes.playground */,
				890763421EDFAF70000DFFC2 /* 72. Edit Distance.playground */,
				890763431EDFB719000DFFC2 /* 71. Simplify Path.playground */,
				89DDC9B61EDE50780079AABB /* 70. Climbing Stairs.playground */,
				893F08351EDCF2A700A9A7CB /* 69. Sqrt(x).playground */,
				8953A2A81EDC0A81008F6F8D /* 68. Text Justification.playground */,
				899F0A001EDA781B00329315 /* 67. Add Binary.playground */,
				899E5E8C1ED9271E00BEE04B /* 66. Plus One.playground */,
				8957362E1ED8679B008EABC9 /* 65. Valid Number.playground */,
				89B4140F1ED66900008F81AA /* 64. Minimum Path Sum.playground */,
				89CA28C61ED511B4000E9832 /* 63. Unique Paths II.playground */,
				89A89BF91ED3AC3200AC4166 /* 62. Unique Paths.playground */,
				8915A86E1ED26C5E00B06069 /* 61. Rotate List.playground */,
				89123C1E1ED1357100609BCC /* 60. Permutation Sequence.playground */,
				8939A8811ECFDAEF002961F2 /* 59. Spiral Matrix II.playground */,
				890C6E681ECE817C00F98E58 /* 58. Length of Last Word.playground */,
				8916AA141ECD31CE00BB5B63 /* 57. Insert Interval.playground */,
				8941FA171ECBE68F008DFC71 /* 56. Merge Intervals.playground */,
				89DF7BE41ECA967A00C7AAAB /* 55. Jump Game.playground */,
				8970C96B1EC93FD4002A88EE /* 54. Spiral Matrix.playground */,
				893A49A01EC7E6C100BEE1A9 /* 53. Maximum Subarray.playground */,
				89000EAB1EC6AED1000809DC /* 52. N-Queens II.playground */,
				89226F731EC69BBE0011E2C2 /* 51. N-Queens.playground */,
				89652C5C1EC54C5C00CBD36F /* 50. Pow(x, n).playground */,
				8912A3201EC3EEF20024A61F /* 49. Group Anagrams.playground */,
				8991644D1EC2A8C500C4E3CC /* 48. Rotate Image.playground */,
				890268621EC00B7000C239E6 /* 47. Permutations II.playground */,
				890268611EC007C200C239E6 /* 46. Permutations.playground */,
				896D33811EBD5E3F00BF4D7A /* 45. Jump Game II.playground */,
				89512BDE1EBD54FF00467616 /* 44. Wildcard Matching.playground */,
				89775DEC1EBC10B1003528D2 /* 43. Multiply Strings.playground */,
				89A0F63F1EBB005A00F25C05 /* 42. Trapping Rain Water.playground */,
				89BA671D1EBAA8A1008C6AE9 /* 41. First Missing Positive.playground */,
				89EB09331EB973690093E288 /* 40. Combination Sum II.playground */,
				89EB09321EB8471F0093E288 /* 39. Combination Sum.playground */,
				89EB09311EB8158D0093E288 /* 38. Count and Say.playground */,
				8928A6881EB6CF8500587BB1 /* 37. Sudoku Solver.playground */,
				8928A6871EB5C66F00587BB1 /* 36. Valid Sudoku.playground */,
				8928A6861EB596C400587BB1 /* 35. Search Insert Position.playground */,
				892B25961EB48C8100D38D6B /* 34. Search for a Range.playground */,
				89F108881EB46014000E804B /* 33. Search in Rotated Sorted Array.playground */,
				89C4DFD31EB3530F00086975 /* 32. Longest Valid Parentheses.playground */,
				89C4DFD21EB322F900086975 /* 31. Next Permutation.playground */,
				8952270C1EB1831A00D21AAC /* 30. Substring with Concatenation of All Words.playground */,
				8940643F1EB027BB00EFECB4 /* 29. Divide Two Integers.playground */,
				8940643E1EB01C4C00EFECB4 /* 28. Implement strStr().playground */,
				891254421EAF0461006B6D22 /* 27. Remove Element.playground */,
				891254411EAEF24D006B6D22 /* 26. Remove Duplicates from Sorted Array.playground */,
				89FEDD481EAD952700FDA9E2 /* 25. Reverse Nodes in k-Group.playground */,
				89FEDD471EAD883100FDA9E2 /* 24. Swap Nodes in Pairs.playground */,
				89C68C2A1EAC5588009460B1 /* 23. Merge k Sorted Lists.playground */,
				895F815E1EAB1804000CF8D8 /* 22. Generate Parentheses.playground */,
				892A7C911EAB11290034C4C2 /* 21. Merge Two Sorted Lists.playground */,
				892A7C901EAB0AF70034C4C2 /* 20. Valid Parentheses.playground */,
				892AB4231EA9ACF500DE9FB4 /* 19. Remove Nth Node From End of List.playground */,
				8983954B1EA8E43B002ECAC7 /* 18. 4Sum.playground */,
				898395491EA8DC78002ECAC7 /* 17. Letter Combinations of a Phone Number.playground */,
				8991644F1EC2AA0C00C4E3CC /* 16. 3Sum Closest.playground */,
				89F3E6521EA471FA0017B13B /* 15. 3Sum.playground */,
				898541A51EA39E1B007D3AA0 /* 14. Longest Common Prefix.playground */,
				8991644E1EC2A9CD00C4E3CC /* 13. Roman to Integer.playground */,
				89C541FE1EA1FDF1008FCC27 /* 12. Integer to Roman.playground */,
				89C541FD1EA1FDF1008FCC27 /* 11. Container With Most Water.playground */,
				897442541EA0CB1A00D31E19 /* 10. Regular Expression Matching.playground */,
				8969D35F1D00062C00569E85 /* 9. Palindrome Number.playground */,
				899579121CF6CE340004216B /* 8. String to Integer (atoi).playground */,
				897260041CE0C824003E37BC /* 7. Reverse Integer .playground */,
				89F0AC7F1CE09EE500F863D1 /* 6. ZigZag Conversion.playground */,
				894639DF1CDCAB990027531C /* 5. Longest Palindromic Substring.playground */,
				8930DF331CDB119700CE9070 /* 4. Median of Two Sorted Arrays .playground */,
				89F7C01D1CD8FF0100BB5C84 /* 3. Longest Substring.playground */,
				896E695F1CD537710049FEF4 /* 2. Add Two Numbers.playground */,
				896E695E1CD533660049FEF4 /* 1. Two Sum.playground */,
				896E69571CD533350049FEF4 /* main.swift */,
			);
			path = LeetCode;
			sourceTree = "<group>";
		};
/* End PBXGroup section */

/* Begin PBXNativeTarget section */
		896E69531CD533350049FEF4 /* LeetCode */ = {
			isa = PBXNativeTarget;
			buildConfigurationList = 896E695B1CD533350049FEF4 /* Build configuration list for PBXNativeTarget "LeetCode" */;
			buildPhases = (
				896E69501CD533350049FEF4 /* Sources */,
				896E69511CD533350049FEF4 /* Frameworks */,
				896E69521CD533350049FEF4 /* CopyFiles */,
			);
			buildRules = (
			);
			dependencies = (
			);
			name = LeetCode;
			productName = LeetCode;
			productReference = 896E69541CD533350049FEF4 /* LeetCode */;
			productType = "com.apple.product-type.tool";
		};
/* End PBXNativeTarget section */

/* Begin PBXProject section */
		896E694C1CD533350049FEF4 /* Project object */ = {
			isa = PBXProject;
			attributes = {
				LastSwiftUpdateCheck = 0730;
				LastUpgradeCheck = 0830;
				ORGANIZATIONNAME = exwd;
				TargetAttributes = {
					896E69531CD533350049FEF4 = {
						CreatedOnToolsVersion = 7.3;
						LastSwiftMigration = 0800;
					};
				};
			};
			buildConfigurationList = 896E694F1CD533350049FEF4 /* Build configuration list for PBXProject "LeetCode" */;
			compatibilityVersion = "Xcode 3.2";
			developmentRegion = English;
			hasScannedForEncodings = 0;
			knownRegions = (
				en,
			);
			mainGroup = 896E694B1CD533350049FEF4;
			productRefGroup = 896E69551CD533350049FEF4 /* Products */;
			projectDirPath = "";
			projectRoot = "";
			targets = (
				896E69531CD533350049FEF4 /* LeetCode */,
			);
		};
/* End PBXProject section */

/* Begin PBXSourcesBuildPhase section */
		896E69501CD533350049FEF4 /* Sources */ = {
			isa = PBXSourcesBuildPhase;
			buildActionMask = 2147483647;
			files = (
				896E69581CD533350049FEF4 /* main.swift in Sources */,
			);
			runOnlyForDeploymentPostprocessing = 0;
		};
/* End PBXSourcesBuildPhase section */

/* Begin XCBuildConfiguration section */
		896E69591CD533350049FEF4 /* Debug */ = {
			isa = XCBuildConfiguration;
			buildSettings = {
				ALWAYS_SEARCH_USER_PATHS = NO;
				CLANG_ANALYZER_NONNULL = YES;
				CLANG_CXX_LANGUAGE_STANDARD = "gnu++0x";
				CLANG_CXX_LIBRARY = "libc++";
				CLANG_ENABLE_MODULES = YES;
				CLANG_ENABLE_OBJC_ARC = YES;
				CLANG_WARN_BOOL_CONVERSION = YES;
				CLANG_WARN_CONSTANT_CONVERSION = YES;
				CLANG_WARN_DIRECT_OBJC_ISA_USAGE = YES_ERROR;
				CLANG_WARN_EMPTY_BODY = YES;
				CLANG_WARN_ENUM_CONVERSION = YES;
				CLANG_WARN_INFINITE_RECURSION = YES;
				CLANG_WARN_INT_CONVERSION = YES;
				CLANG_WARN_OBJC_ROOT_CLASS = YES_ERROR;
				CLANG_WARN_SUSPICIOUS_MOVE = YES;
				CLANG_WARN_UNREACHABLE_CODE = YES;
				CLANG_WARN__DUPLICATE_METHOD_MATCH = YES;
				CODE_SIGN_IDENTITY = "-";
				COPY_PHASE_STRIP = NO;
				DEBUG_INFORMATION_FORMAT = dwarf;
				ENABLE_STRICT_OBJC_MSGSEND = YES;
				ENABLE_TESTABILITY = YES;
				GCC_C_LANGUAGE_STANDARD = gnu99;
				GCC_DYNAMIC_NO_PIC = NO;
				GCC_NO_COMMON_BLOCKS = YES;
				GCC_OPTIMIZATION_LEVEL = 0;
				GCC_PREPROCESSOR_DEFINITIONS = (
					"DEBUG=1",
					"$(inherited)",
				);
				GCC_WARN_64_TO_32_BIT_CONVERSION = YES;
				GCC_WARN_ABOUT_RETURN_TYPE = YES_ERROR;
				GCC_WARN_UNDECLARED_SELECTOR = YES;
				GCC_WARN_UNINITIALIZED_AUTOS = YES_AGGRESSIVE;
				GCC_WARN_UNUSED_FUNCTION = YES;
				GCC_WARN_UNUSED_VARIABLE = YES;
				MACOSX_DEPLOYMENT_TARGET = 10.11;
				MTL_ENABLE_DEBUG_INFO = YES;
				ONLY_ACTIVE_ARCH = YES;
				SDKROOT = macosx;
				SWIFT_OPTIMIZATION_LEVEL = "-Onone";
			};
			name = Debug;
		};
		896E695A1CD533350049FEF4 /* Release */ = {
			isa = XCBuildConfiguration;
			buildSettings = {
				ALWAYS_SEARCH_USER_PATHS = NO;
				CLANG_ANALYZER_NONNULL = YES;
				CLANG_CXX_LANGUAGE_STANDARD = "gnu++0x";
				CLANG_CXX_LIBRARY = "libc++";
				CLANG_ENABLE_MODULES = YES;
				CLANG_ENABLE_OBJC_ARC = YES;
				CLANG_WARN_BOOL_CONVERSION = YES;
				CLANG_WARN_CONSTANT_CONVERSION = YES;
				CLANG_WARN_DIRECT_OBJC_ISA_USAGE = YES_ERROR;
				CLANG_WARN_EMPTY_BODY = YES;
				CLANG_WARN_ENUM_CONVERSION = YES;
				CLANG_WARN_INFINITE_RECURSION = YES;
				CLANG_WARN_INT_CONVERSION = YES;
				CLANG_WARN_OBJC_ROOT_CLASS = YES_ERROR;
				CLANG_WARN_SUSPICIOUS_MOVE = YES;
				CLANG_WARN_UNREACHABLE_CODE = YES;
				CLANG_WARN__DUPLICATE_METHOD_MATCH = YES;
				CODE_SIGN_IDENTITY = "-";
				COPY_PHASE_STRIP = NO;
				DEBUG_INFORMATION_FORMAT = "dwarf-with-dsym";
				ENABLE_NS_ASSERTIONS = NO;
				ENABLE_STRICT_OBJC_MSGSEND = YES;
				GCC_C_LANGUAGE_STANDARD = gnu99;
				GCC_NO_COMMON_BLOCKS = YES;
				GCC_WARN_64_TO_32_BIT_CONVERSION = YES;
				GCC_WARN_ABOUT_RETURN_TYPE = YES_ERROR;
				GCC_WARN_UNDECLARED_SELECTOR = YES;
				GCC_WARN_UNINITIALIZED_AUTOS = YES_AGGRESSIVE;
				GCC_WARN_UNUSED_FUNCTION = YES;
				GCC_WARN_UNUSED_VARIABLE = YES;
				MACOSX_DEPLOYMENT_TARGET = 10.11;
				MTL_ENABLE_DEBUG_INFO = NO;
				SDKROOT = macosx;
				SWIFT_OPTIMIZATION_LEVEL = "-Owholemodule";
			};
			name = Release;
		};
		896E695C1CD533350049FEF4 /* Debug */ = {
			isa = XCBuildConfiguration;
			buildSettings = {
				PRODUCT_NAME = "$(TARGET_NAME)";
				SWIFT_VERSION = 3.0;
			};
			name = Debug;
		};
		896E695D1CD533350049FEF4 /* Release */ = {
			isa = XCBuildConfiguration;
			buildSettings = {
				PRODUCT_NAME = "$(TARGET_NAME)";
				SWIFT_VERSION = 3.0;
			};
			name = Release;
		};
/* End XCBuildConfiguration section */

/* Begin XCConfigurationList section */
		896E694F1CD533350049FEF4 /* Build configuration list for PBXProject "LeetCode" */ = {
			isa = XCConfigurationList;
			buildConfigurations = (
				896E69591CD533350049FEF4 /* Debug */,
				896E695A1CD533350049FEF4 /* Release */,
			);
			defaultConfigurationIsVisible = 0;
			defaultConfigurationName = Release;
		};
		896E695B1CD533350049FEF4 /* Build configuration list for PBXNativeTarget "LeetCode" */ = {
			isa = XCConfigurationList;
			buildConfigurations = (
				896E695C1CD533350049FEF4 /* Debug */,
				896E695D1CD533350049FEF4 /* Release */,
			);
			defaultConfigurationIsVisible = 0;
			defaultConfigurationName = Release;
		};
/* End XCConfigurationList section */
	};
	rootObject = 896E694C1CD533350049FEF4 /* Project object */;
}
